
Microsoft Visual Studio Solution File, Format Version 12.00
# Visual Studio Version 16
VisualStudioVersion = 16.0.29519.87
MinimumVisualStudioVersion = 10.0.40219.1
Project("{FAE04EC0-301F-11D3-BF4B-00C04F79EFBC}") = "StoreProject", "StoreProject\StoreProject.csproj", "{574A76D7-9E38-4ACF-92B4-4FBA8369BA03}"
EndProject
Project("{FAE04EC0-301F-11D3-BF4B-00C04F79EFBC}") = "StoreProject.Tests", "StoreProject.Tests\StoreProject.Tests.csproj", "{BF6C8A5B-88E8-4BB5-B3ED-D25DB89DADD8}"
EndProject
Global
	GlobalSection(SolutionConfigurationPlatforms) = preSolution
		Debug|Any CPU = Debug|Any CPU
		Release|Any CPU = Release|Any CPU
	EndGlobalSection
	GlobalSection(ProjectConfigurationPlatforms) = postSolution
		{574A76D7-9E38-4ACF-92B4-4FBA8369BA03}.Debug|Any CPU.ActiveCfg = Debug|Any CPU
		{574A76D7-9E38-4ACF-92B4-4FBA8369BA03}.Debug|Any CPU.Build.0 = Debug|Any CPU
		{574A76D7-9E38-4ACF-92B4-4FBA8369BA03}.Release|Any CPU.ActiveCfg = Release|Any CPU
		{574A76D7-9E38-4ACF-92B4-4FBA8369BA03}.Release|Any CPU.Build.0 = Release|Any CPU
		{BF6C8A5B-88E8-4BB5-B3ED-D25DB89DADD8}.Debug|Any CPU.ActiveCfg = Debug|Any CPU
		{BF6C8A5B-88E8-4BB5-B3ED-D25DB89DADD8}.Debug|Any CPU.Build.0 = Debug|Any CPU
		{BF6C8A5B-88E8-4BB5-B3ED-D25DB89DADD8}.Release|Any CPU.ActiveCfg = Release|Any CPU
		{BF6C8A5B-88E8-4BB5-B3ED-D25DB89DADD8}.Release|Any CPU.Build.0 = Release|Any CPU
	EndGlobalSection
	GlobalSection(SolutionProperties) = preSolution
		HideSolutionNode = FALSE
	EndGlobalSection
	GlobalSection(ExtensibilityGlobals) = postSolution
		SolutionGuid = {E718BD7A-19C4-41CA-B5B9-B60F73BD8948}
	EndGlobalSection
EndGlobal
